
Microsoft Visual Studio Solution File, Format Version 12.00
# Visual Studio Version 16
VisualStudioVersion = 16.0.30907.101
MinimumVisualStudioVersion = 10.0.40219.1
Project("{FAE04EC0-301F-11D3-BF4B-00C04F79EFBC}") = "Lab5", "Lab5\Lab5.csproj", "{62457899-A5E7-4531-B5F5-60214BA2E169}"
EndProject
Global
	GlobalSection(SolutionConfigurationPlatforms) = preSolution
		Debug|Any CPU = Debug|Any CPU
		Release|Any CPU = Release|Any CPU
	EndGlobalSection
	GlobalSection(ProjectConfigurationPlatforms) = postSolution
		{62457899-A5E7-4531-B5F5-60214BA2E169}.Debug|Any CPU.ActiveCfg = Debug|Any CPU
		{62457899-A5E7-4531-B5F5-60214BA2E169}.Debug|Any CPU.Build.0 = Debug|Any CPU
		{62457899-A5E7-4531-B5F5-60214BA2E169}.Release|Any CPU.ActiveCfg = Release|Any CPU
		{62457899-A5E7-4531-B5F5-60214BA2E169}.Release|Any CPU.Build.0 = Release|Any CPU
	EndGlobalSection
	GlobalSection(SolutionProperties) = preSolution
		HideSolutionNode = FALSE
	EndGlobalSection
	GlobalSection(ExtensibilityGlobals) = postSolution
		SolutionGuid = {513DCF22-3ADA-4E3A-A0D5-E363CDC0DED2}
	EndGlobalSection
EndGlobal
